{
  "name": "electron-window-shortcut",
  "version": "1.0.3",
  "lockfileVersion": 1,
  "requires": true,
  "dependencies": {
    "electron-is-accelerator": {
      "version": "0.2.0",
      "resolved": "https://registry.npmjs.org/electron-is-accelerator/-/electron-is-accelerator-0.2.0.tgz",
      "integrity": "sha512-jml8EDK0x1xuPCr8ZWr+tuCL9RwfR4lee+WhLID2WZ0ygGSlnkumF6K1zw05CgnkDvHuKhFV6/NrSDI87QWAfA=="
    },
    "keyboardevent-from-electron-accelerator": {
      "version": "1.1.0",
      "resolved": "https://registry.npmjs.org/keyboardevent-from-electron-accelerator/-/keyboardevent-from-electron-accelerator-1.1.0.tgz",
      "integrity": "sha512-VDC4vKWGrR3VgIKCE4CsXnvObGgP8C2idnTKEMUkuEuvDGE1GEBX9FtNdJzrD00iQlhI3xFxRaeItsUmlERVng=="
    },
    "keyboardevents-areequal": {
      "version": "0.2.2",
      "resolved": "https://registry.npmjs.org/keyboardevents-areequal/-/keyboardevents-areequal-0.2.2.tgz",
      "integrity": "sha512-Nv+Kr33T0mEjxR500q+I6IWisOQ0lK1GGOncV0kWE6n4KFmpcu7RUX5/2B0EUtX51Cb0HjZ9VJsSY3u4cBa0kw=="
    }
  }
}
